
Microsoft Visual Studio Solution File, Format Version 12.00
# Visual Studio Version 17
VisualStudioVersion = 17.0.31903.59
MinimumVisualStudioVersion = 10.0.40219.1
Project("{2150E333-8FDC-42A3-9474-1A3956D46DE8}") = "src", "src", "{827E0CD3-B72D-47B6-A68D-7590B98EB39B}"
EndProject
Project("{FAE04EC0-301F-11D3-BF4B-00C04F79EFBC}") = "TechBazar.Api", "src\TechBazar.Api\TechBazar.Api.csproj", "{F56F5F7F-6D60-4A97-B7E1-13D09F484C73}"
EndProject
Project("{FAE04EC0-301F-11D3-BF4B-00C04F79EFBC}") = "TechBazar.Infrastructure", "src\TechBazar.Infrastructure\TechBazar.Infrastructure.csproj", "{4E3E8D37-BAF4-4E4A-8CE5-C8581E62977D}"
EndProject
Project("{FAE04EC0-301F-11D3-BF4B-00C04F79EFBC}") = "TechBazar.Application", "src\TechBazar.Application\TechBazar.Application.csproj", "{9521758D-774D-4EDB-834D-6CBFC4FEE92F}"
EndProject
Project("{FAE04EC0-301F-11D3-BF4B-00C04F79EFBC}") = "TechBazar.Domain", "src\TechBazar.Domain\TechBazar.Domain.csproj", "{F4F6A181-1D5F-4BBA-AA88-29EDD2D4A661}"
EndProject
Project("{2150E333-8FDC-42A3-9474-1A3956D46DE8}") = "tests", "tests", "{0AB3BF05-4346-4AA6-1389-037BE0695223}"
EndProject
Project("{FAE04EC0-301F-11D3-BF4B-00C04F79EFBC}") = "TechBazar.IntegrationTests", "tests\TechBazar.IntegrationTests\TechBazar.IntegrationTests.csproj", "{A87C1705-85FA-4F71-9606-F0B5F12783C9}"
EndProject
Project("{FAE04EC0-301F-11D3-BF4B-00C04F79EFBC}") = "TechBazar.UnitTests", "tests\TechBazar.UnitTests\TechBazar.UnitTests.csproj", "{DE8E7160-6598-47B8-94EF-8C3D00276B23}"
EndProject
Project("{FAE04EC0-301F-11D3-BF4B-00C04F79EFBC}") = "TechBazar.E2EHost", "tests\TechBazar.E2EHost\TechBazar.E2EHost.csproj", "{D37EE910-C467-43C9-8E0B-4239ED012074}"
EndProject
Global
	GlobalSection(SolutionConfigurationPlatforms) = preSolution
		Debug|Any CPU = Debug|Any CPU
		Debug|x64 = Debug|x64
		Debug|x86 = Debug|x86
		Release|Any CPU = Release|Any CPU
		Release|x64 = Release|x64
		Release|x86 = Release|x86
	EndGlobalSection
	GlobalSection(ProjectConfigurationPlatforms) = postSolution
		{F56F5F7F-6D60-4A97-B7E1-13D09F484C73}.Debug|Any CPU.ActiveCfg = Debug|Any CPU
		{F56F5F7F-6D60-4A97-B7E1-13D09F484C73}.Debug|Any CPU.Build.0 = Debug|Any CPU
		{F56F5F7F-6D60-4A97-B7E1-13D09F484C73}.Debug|x64.ActiveCfg = Debug|Any CPU
		{F56F5F7F-6D60-4A97-B7E1-13D09F484C73}.Debug|x64.Build.0 = Debug|Any CPU
		{F56F5F7F-6D60-4A97-B7E1-13D09F484C73}.Debug|x86.ActiveCfg = Debug|Any CPU
		{F56F5F7F-6D60-4A97-B7E1-13D09F484C73}.Debug|x86.Build.0 = Debug|Any CPU
		{F56F5F7F-6D60-4A97-B7E1-13D09F484C73}.Release|Any CPU.ActiveCfg = Release|Any CPU
		{F56F5F7F-6D60-4A97-B7E1-13D09F484C73}.Release|Any CPU.Build.0 = Release|Any CPU
		{F56F5F7F-6D60-4A97-B7E1-13D09F484C73}.Release|x64.ActiveCfg = Release|Any CPU
		{F56F5F7F-6D60-4A97-B7E1-13D09F484C73}.Release|x64.Build.0 = Release|Any CPU
		{F56F5F7F-6D60-4A97-B7E1-13D09F484C73}.Release|x86.ActiveCfg = Release|Any CPU
		{F56F5F7F-6D60-4A97-B7E1-13D09F484C73}.Release|x86.Build.0 = Release|Any CPU
		{4E3E8D37-BAF4-4E4A-8CE5-C8581E62977D}.Debug|Any CPU.ActiveCfg = Debug|Any CPU
		{4E3E8D37-BAF4-4E4A-8CE5-C8581E62977D}.Debug|Any CPU.Build.0 = Debug|Any CPU
		{4E3E8D37-BAF4-4E4A-8CE5-C8581E62977D}.Debug|x64.ActiveCfg = Debug|Any CPU
		{4E3E8D37-BAF4-4E4A-8CE5-C8581E62977D}.Debug|x64.Build.0 = Debug|Any CPU
		{4E3E8D37-BAF4-4E4A-8CE5-C8581E62977D}.Debug|x86.ActiveCfg = Debug|Any CPU
		{4E3E8D37-BAF4-4E4A-8CE5-C8581E62977D}.Debug|x86.Build.0 = Debug|Any CPU
		{4E3E8D37-BAF4-4E4A-8CE5-C8581E62977D}.Release|Any CPU.ActiveCfg = Release|Any CPU
		{4E3E8D37-BAF4-4E4A-8CE5-C8581E62977D}.Release|Any CPU.Build.0 = Release|Any CPU
		{4E3E8D37-BAF4-4E4A-8CE5-C8581E62977D}.Release|x64.ActiveCfg = Release|Any CPU
		{4E3E8D37-BAF4-4E4A-8CE5-C8581E62977D}.Release|x64.Build.0 = Release|Any CPU
		{4E3E8D37-BAF4-4E4A-8CE5-C8581E62977D}.Release|x86.ActiveCfg = Release|Any CPU
		{4E3E8D37-BAF4-4E4A-8CE5-C8581E62977D}.Release|x86.Build.0 = Release|Any CPU
		{9521758D-774D-4EDB-834D-6CBFC4FEE92F}.Debug|Any CPU.ActiveCfg = Debug|Any CPU
		{9521758D-774D-4EDB-834D-6CBFC4FEE92F}.Debug|Any CPU.Build.0 = Debug|Any CPU
		{9521758D-774D-4EDB-834D-6CBFC4FEE92F}.Debug|x64.ActiveCfg = Debug|Any CPU
		{9521758D-774D-4EDB-834D-6CBFC4FEE92F}.Debug|x64.Build.0 = Debug|Any CPU
		{9521758D-774D-4EDB-834D-6CBFC4FEE92F}.Debug|x86.ActiveCfg = Debug|Any CPU
		{9521758D-774D-4EDB-834D-6CBFC4FEE92F}.Debug|x86.Build.0 = Debug|Any CPU
		{9521758D-774D-4EDB-834D-6CBFC4FEE92F}.Release|Any CPU.ActiveCfg = Release|Any CPU
		{9521758D-774D-4EDB-834D-6CBFC4FEE92F}.Release|Any CPU.Build.0 = Release|Any CPU
		{9521758D-774D-4EDB-834D-6CBFC4FEE92F}.Release|x64.ActiveCfg = Release|Any CPU
		{9521758D-774D-4EDB-834D-6CBFC4FEE92F}.Release|x64.Build.0 = Release|Any CPU
		{9521758D-774D-4EDB-834D-6CBFC4FEE92F}.Release|x86.ActiveCfg = Release|Any CPU
		{9521758D-774D-4EDB-834D-6CBFC4FEE92F}.Release|x86.Build.0 = Release|Any CPU
		{F4F6A181-1D5F-4BBA-AA88-29EDD2D4A661}.Debug|Any CPU.ActiveCfg = Debug|Any CPU
		{F4F6A181-1D5F-4BBA-AA88-29EDD2D4A661}.Debug|Any CPU.Build.0 = Debug|Any CPU
		{F4F6A181-1D5F-4BBA-AA88-29EDD2D4A661}.Debug|x64.ActiveCfg = Debug|Any CPU
		{F4F6A181-1D5F-4BBA-AA88-29EDD2D4A661}.Debug|x64.Build.0 = Debug|Any CPU
		{F4F6A181-1D5F-4BBA-AA88-29EDD2D4A661}.Debug|x86.ActiveCfg = Debug|Any CPU
		{F4F6A181-1D5F-4BBA-AA88-29EDD2D4A661}.Debug|x86.Build.0 = Debug|Any CPU
		{F4F6A181-1D5F-4BBA-AA88-29EDD2D4A661}.Release|Any CPU.ActiveCfg = Release|Any CPU
		{F4F6A181-1D5F-4BBA-AA88-29EDD2D4A661}.Release|Any CPU.Build.0 = Release|Any CPU
		{F4F6A181-1D5F-4BBA-AA88-29EDD2D4A661}.Release|x64.ActiveCfg = Release|Any CPU
		{F4F6A181-1D5F-4BBA-AA88-29EDD2D4A661}.Release|x64.Build.0 = Release|Any CPU
		{F4F6A181-1D5F-4BBA-AA88-29EDD2D4A661}.Release|x86.ActiveCfg = Release|Any CPU
		{F4F6A181-1D5F-4BBA-AA88-29EDD2D4A661}.Release|x86.Build.0 = Release|Any CPU
		{A87C1705-85FA-4F71-9606-F0B5F12783C9}.Debug|Any CPU.ActiveCfg = Debug|Any CPU
		{A87C1705-85FA-4F71-9606-F0B5F12783C9}.Debug|Any CPU.Build.0 = Debug|Any CPU
		{A87C1705-85FA-4F71-9606-F0B5F12783C9}.Debug|x64.ActiveCfg = Debug|Any CPU
		{A87C1705-85FA-4F71-9606-F0B5F12783C9}.Debug|x64.Build.0 = Debug|Any CPU
		{A87C1705-85FA-4F71-9606-F0B5F12783C9}.Debug|x86.ActiveCfg = Debug|Any CPU
		{A87C1705-85FA-4F71-9606-F0B5F12783C9}.Debug|x86.Build.0 = Debug|Any CPU
		{A87C1705-85FA-4F71-9606-F0B5F12783C9}.Release|Any CPU.ActiveCfg = Release|Any CPU
		{A87C1705-85FA-4F71-9606-F0B5F12783C9}.Release|Any CPU.Build.0 = Release|Any CPU
		{A87C1705-85FA-4F71-9606-F0B5F12783C9}.Release|x64.ActiveCfg = Release|Any CPU
		{A87C1705-85FA-4F71-9606-F0B5F12783C9}.Release|x64.Build.0 = Release|Any CPU
		{A87C1705-85FA-4F71-9606-F0B5F12783C9}.Release|x86.ActiveCfg = Release|Any CPU
		{A87C1705-85FA-4F71-9606-F0B5F12783C9}.Release|x86.Build.0 = Release|Any CPU
		{DE8E7160-6598-47B8-94EF-8C3D00276B23}.Debug|Any CPU.ActiveCfg = Debug|Any CPU
		{DE8E7160-6598-47B8-94EF-8C3D00276B23}.Debug|Any CPU.Build.0 = Debug|Any CPU
		{DE8E7160-6598-47B8-94EF-8C3D00276B23}.Debug|x64.ActiveCfg = Debug|Any CPU
		{DE8E7160-6598-47B8-94EF-8C3D00276B23}.Debug|x64.Build.0 = Debug|Any CPU
		{DE8E7160-6598-47B8-94EF-8C3D00276B23}.Debug|x86.ActiveCfg = Debug|Any CPU
		{DE8E7160-6598-47B8-94EF-8C3D00276B23}.Debug|x86.Build.0 = Debug|Any CPU
		{DE8E7160-6598-47B8-94EF-8C3D00276B23}.Release|Any CPU.ActiveCfg = Release|Any CPU
		{DE8E7160-6598-47B8-94EF-8C3D00276B23}.Release|Any CPU.Build.0 = Release|Any CPU
		{DE8E7160-6598-47B8-94EF-8C3D00276B23}.Release|x64.ActiveCfg = Release|Any CPU
		{DE8E7160-6598-47B8-94EF-8C3D00276B23}.Release|x64.Build.0 = Release|Any CPU
		{DE8E7160-6598-47B8-94EF-8C3D00276B23}.Release|x86.ActiveCfg = Release|Any CPU
		{DE8E7160-6598-47B8-94EF-8C3D00276B23}.Release|x86.Build.0 = Release|Any CPU
		{D37EE910-C467-43C9-8E0B-4239ED012074}.Debug|Any CPU.ActiveCfg = Debug|Any CPU
		{D37EE910-C467-43C9-8E0B-4239ED012074}.Debug|Any CPU.Build.0 = Debug|Any CPU
		{D37EE910-C467-43C9-8E0B-4239ED012074}.Debug|x64.ActiveCfg = Debug|Any CPU
		{D37EE910-C467-43C9-8E0B-4239ED012074}.Debug|x64.Build.0 = Debug|Any CPU
		{D37EE910-C467-43C9-8E0B-4239ED012074}.Debug|x86.ActiveCfg = Debug|Any CPU
		{D37EE910-C467-43C9-8E0B-4239ED012074}.Debug|x86.Build.0 = Debug|Any CPU
		{D37EE910-C467-43C9-8E0B-4239ED012074}.Release|Any CPU.ActiveCfg = Release|Any CPU
		{D37EE910-C467-43C9-8E0B-4239ED012074}.Release|Any CPU.Build.0 = Release|Any CPU
		{D37EE910-C467-43C9-8E0B-4239ED012074}.Release|x64.ActiveCfg = Release|Any CPU
		{D37EE910-C467-43C9-8E0B-4239ED012074}.Release|x64.Build.0 = Release|Any CPU
		{D37EE910-C467-43C9-8E0B-4239ED012074}.Release|x86.ActiveCfg = Release|Any CPU
		{D37EE910-C467-43C9-8E0B-4239ED012074}.Release|x86.Build.0 = Release|Any CPU
	EndGlobalSection
	GlobalSection(SolutionProperties) = preSolution
		HideSolutionNode = FALSE
	EndGlobalSection
	GlobalSection(NestedProjects) = preSolution
		{F56F5F7F-6D60-4A97-B7E1-13D09F484C73} = {827E0CD3-B72D-47B6-A68D-7590B98EB39B}
		{4E3E8D37-BAF4-4E4A-8CE5-C8581E62977D} = {827E0CD3-B72D-47B6-A68D-7590B98EB39B}
		{9521758D-774D-4EDB-834D-6CBFC4FEE92F} = {827E0CD3-B72D-47B6-A68D-7590B98EB39B}
		{F4F6A181-1D5F-4BBA-AA88-29EDD2D4A661} = {827E0CD3-B72D-47B6-A68D-7590B98EB39B}
		{A87C1705-85FA-4F71-9606-F0B5F12783C9} = {0AB3BF05-4346-4AA6-1389-037BE0695223}
		{DE8E7160-6598-47B8-94EF-8C3D00276B23} = {0AB3BF05-4346-4AA6-1389-037BE0695223}
		{D37EE910-C467-43C9-8E0B-4239ED012074} = {0AB3BF05-4346-4AA6-1389-037BE0695223}
	EndGlobalSection
EndGlobal
